
Microsoft Visual Studio Solution File, Format Version 12.00
# Visual Studio 14
VisualStudioVersion = 14.0.25123.0
MinimumVisualStudioVersion = 10.0.40219.1
Project("{FAE04EC0-301F-11D3-BF4B-00C04F79EFBC}") = "CSCI467Library", "CSCI467Library\CSCI467Library.csproj", "{A8EFB170-9712-4780-B653-556312B51C7C}"
EndProject
Project("{FAE04EC0-301F-11D3-BF4B-00C04F79EFBC}") = "CSCI467Test", "CSCI467Test\CSCI467Test.csproj", "{D56E1F2C-FFA4-438F-9233-18D732394091}"
EndProject
Project("{FAE04EC0-301F-11D3-BF4B-00C04F79EFBC}") = "CSCI467PlaceOrder", "CSCI467PlaceOrder\CSCI467PlaceOrder.csproj", "{E013F1DB-6C6B-413E-A6FD-B7ABCE9A5D6C}"
EndProject
Project("{FAE04EC0-301F-11D3-BF4B-00C04F79EFBC}") = "CSCI467PlaceOrderMVC", "CSCI467PlaceOrderMVC\CSCI467PlaceOrderMVC.csproj", "{33CF8958-71E0-47EE-AD91-F4C9A300CED2}"
EndProject
Project("{00D1A9C2-B5F0-4AF3-8072-F6C62B433612}") = "Database", "Database1\Database.sqlproj", "{D8BE6C14-6853-49E3-B9BC-D0ABB71FA36B}"
EndProject
Global
	GlobalSection(SolutionConfigurationPlatforms) = preSolution
		Debug|Any CPU = Debug|Any CPU
		Release|Any CPU = Release|Any CPU
	EndGlobalSection
	GlobalSection(ProjectConfigurationPlatforms) = postSolution
		{A8EFB170-9712-4780-B653-556312B51C7C}.Debug|Any CPU.ActiveCfg = Debug|Any CPU
		{A8EFB170-9712-4780-B653-556312B51C7C}.Debug|Any CPU.Build.0 = Debug|Any CPU
		{A8EFB170-9712-4780-B653-556312B51C7C}.Release|Any CPU.ActiveCfg = Release|Any CPU
		{A8EFB170-9712-4780-B653-556312B51C7C}.Release|Any CPU.Build.0 = Release|Any CPU
		{D56E1F2C-FFA4-438F-9233-18D732394091}.Debug|Any CPU.ActiveCfg = Debug|Any CPU
		{D56E1F2C-FFA4-438F-9233-18D732394091}.Debug|Any CPU.Build.0 = Debug|Any CPU
		{D56E1F2C-FFA4-438F-9233-18D732394091}.Release|Any CPU.ActiveCfg = Release|Any CPU
		{D56E1F2C-FFA4-438F-9233-18D732394091}.Release|Any CPU.Build.0 = Release|Any CPU
		{E013F1DB-6C6B-413E-A6FD-B7ABCE9A5D6C}.Debug|Any CPU.ActiveCfg = Debug|Any CPU
		{E013F1DB-6C6B-413E-A6FD-B7ABCE9A5D6C}.Debug|Any CPU.Build.0 = Debug|Any CPU
		{E013F1DB-6C6B-413E-A6FD-B7ABCE9A5D6C}.Release|Any CPU.ActiveCfg = Release|Any CPU
		{E013F1DB-6C6B-413E-A6FD-B7ABCE9A5D6C}.Release|Any CPU.Build.0 = Release|Any CPU
		{33CF8958-71E0-47EE-AD91-F4C9A300CED2}.Debug|Any CPU.ActiveCfg = Debug|Any CPU
		{33CF8958-71E0-47EE-AD91-F4C9A300CED2}.Debug|Any CPU.Build.0 = Debug|Any CPU
		{33CF8958-71E0-47EE-AD91-F4C9A300CED2}.Release|Any CPU.ActiveCfg = Release|Any CPU
		{33CF8958-71E0-47EE-AD91-F4C9A300CED2}.Release|Any CPU.Build.0 = Release|Any CPU
		{D8BE6C14-6853-49E3-B9BC-D0ABB71FA36B}.Debug|Any CPU.ActiveCfg = Debug|Any CPU
		{D8BE6C14-6853-49E3-B9BC-D0ABB71FA36B}.Debug|Any CPU.Build.0 = Debug|Any CPU
		{D8BE6C14-6853-49E3-B9BC-D0ABB71FA36B}.Debug|Any CPU.Deploy.0 = Debug|Any CPU
		{D8BE6C14-6853-49E3-B9BC-D0ABB71FA36B}.Release|Any CPU.ActiveCfg = Release|Any CPU
		{D8BE6C14-6853-49E3-B9BC-D0ABB71FA36B}.Release|Any CPU.Build.0 = Release|Any CPU
		{D8BE6C14-6853-49E3-B9BC-D0ABB71FA36B}.Release|Any CPU.Deploy.0 = Release|Any CPU
	EndGlobalSection
	GlobalSection(SolutionProperties) = preSolution
		HideSolutionNode = FALSE
	EndGlobalSection
EndGlobal
